
Microsoft Visual Studio Solution File, Format Version 12.00
# Visual Studio Version 16
VisualStudioVersion = 16.0.32901.82
MinimumVisualStudioVersion = 10.0.40219.1
Project("{FAE04EC0-301F-11D3-BF4B-00C04F79EFBC}") = "CMSWebApi", "CMSWebApi\CMSWebApi.csproj", "{982F7939-0A60-4554-8563-F42DFBAD33A3}"
EndProject
Global
	GlobalSection(SolutionConfigurationPlatforms) = preSolution
		Debug|Any CPU = Debug|Any CPU
		Release|Any CPU = Release|Any CPU
	EndGlobalSection
	GlobalSection(ProjectConfigurationPlatforms) = postSolution
		{982F7939-0A60-4554-8563-F42DFBAD33A3}.Debug|Any CPU.ActiveCfg = Debug|Any CPU
		{982F7939-0A60-4554-8563-F42DFBAD33A3}.Debug|Any CPU.Build.0 = Debug|Any CPU
		{982F7939-0A60-4554-8563-F42DFBAD33A3}.Release|Any CPU.ActiveCfg = Release|Any CPU
		{982F7939-0A60-4554-8563-F42DFBAD33A3}.Release|Any CPU.Build.0 = Release|Any CPU
	EndGlobalSection
	GlobalSection(SolutionProperties) = preSolution
		HideSolutionNode = FALSE
	EndGlobalSection
	GlobalSection(ExtensibilityGlobals) = postSolution
		SolutionGuid = {F7868031-74D2-4101-A287-9D1DBCFBCF95}
	EndGlobalSection
EndGlobal
